
Microsoft Visual Studio Solution File, Format Version 12.00
# Visual Studio Version 16
VisualStudioVersion = 16.0.30611.23
MinimumVisualStudioVersion = 10.0.40219.1
Project("{FAE04EC0-301F-11D3-BF4B-00C04F79EFBC}") = "UartMuxDemux", "UartMuxDemux.csproj", "{051329D5-0EF4-4C6B-912E-54616DA1CF99}"
EndProject
Global
	GlobalSection(SolutionConfigurationPlatforms) = preSolution
		Debug|Any CPU = Debug|Any CPU
		Release|Any CPU = Release|Any CPU
	EndGlobalSection
	GlobalSection(ProjectConfigurationPlatforms) = postSolution
		{051329D5-0EF4-4C6B-912E-54616DA1CF99}.Debug|Any CPU.ActiveCfg = Debug|Any CPU
		{051329D5-0EF4-4C6B-912E-54616DA1CF99}.Debug|Any CPU.Build.0 = Debug|Any CPU
		{051329D5-0EF4-4C6B-912E-54616DA1CF99}.Release|Any CPU.ActiveCfg = Release|Any CPU
		{051329D5-0EF4-4C6B-912E-54616DA1CF99}.Release|Any CPU.Build.0 = Release|Any CPU
	EndGlobalSection
	GlobalSection(SolutionProperties) = preSolution
		HideSolutionNode = FALSE
	EndGlobalSection
	GlobalSection(ExtensibilityGlobals) = postSolution
		SolutionGuid = {746076E5-DAAB-49C8-B577-6890A91F54BB}
	EndGlobalSection
EndGlobal
